// !$*UTF8*$!
{
	archiveVersion = 1;
	classes = {
	};
	objectVersion = 56;
	objects = {

/* Begin PBXBuildFile section */
		5334249128C4A2E900634F1D /* Node.swift in Sources */ = {isa = PBXBuildFile; fileRef = 5334249028C4A2E900634F1D /* Node.swift */; };
		5334249328C4A31000634F1D /* Connection.swift in Sources */ = {isa = PBXBuildFile; fileRef = 5334249228C4A31000634F1D /* Connection.swift */; };
		5334249528C4A7D100634F1D /* Genome.swift in Sources */ = {isa = PBXBuildFile; fileRef = 5334249428C4A7D100634F1D /* Genome.swift */; };
		5334249728C4ABFB00634F1D /* NeatGenomeMixer.swift in Sources */ = {isa = PBXBuildFile; fileRef = 5334249628C4ABFB00634F1D /* NeatGenomeMixer.swift */; };
		5334249928C4B0BA00634F1D /* IdProvider.swift in Sources */ = {isa = PBXBuildFile; fileRef = 5334249828C4B0BA00634F1D /* IdProvider.swift */; };
		5334249B28C4B27800634F1D /* SequentialIdProviderTests.swift in Sources */ = {isa = PBXBuildFile; fileRef = 5334249A28C4B27800634F1D /* SequentialIdProviderTests.swift */; };
		5334249D28C4B41100634F1D /* NeatTests.swift in Sources */ = {isa = PBXBuildFile; fileRef = 5334249C28C4B41100634F1D /* NeatTests.swift */; };
		533424A128C4E9A300634F1D /* GenomeMixer.swift in Sources */ = {isa = PBXBuildFile; fileRef = 533424A028C4E9A300634F1D /* GenomeMixer.swift */; };
		533424A328C4E9CA00634F1D /* ParentPreferenceProvider.swift in Sources */ = {isa = PBXBuildFile; fileRef = 533424A228C4E9CA00634F1D /* ParentPreferenceProvider.swift */; };
		53EE3AD728C3618200391F7E /* ArtificialLifeApp.swift in Sources */ = {isa = PBXBuildFile; fileRef = 53EE3AD628C3618200391F7E /* ArtificialLifeApp.swift */; };
		53EE3AD928C3618200391F7E /* ContentView.swift in Sources */ = {isa = PBXBuildFile; fileRef = 53EE3AD828C3618200391F7E /* ContentView.swift */; };
		53EE3ADB28C3618200391F7E /* Assets.xcassets in Resources */ = {isa = PBXBuildFile; fileRef = 53EE3ADA28C3618200391F7E /* Assets.xcassets */; };
		53EE3ADF28C3618200391F7E /* Preview Assets.xcassets in Resources */ = {isa = PBXBuildFile; fileRef = 53EE3ADE28C3618200391F7E /* Preview Assets.xcassets */; };
/* End PBXBuildFile section */

/* Begin PBXContainerItemProxy section */
		53EE3AE528C3618300391F7E /* PBXContainerItemProxy */ = {
			isa = PBXContainerItemProxy;
			containerPortal = 53EE3ACB28C3618200391F7E /* Project object */;
			proxyType = 1;
			remoteGlobalIDString = 53EE3AD228C3618200391F7E;
			remoteInfo = ArtificialLife;
		};
/* End PBXContainerItemProxy section */

/* Begin PBXFileReference section */
		5334249028C4A2E900634F1D /* Node.swift */ = {isa = PBXFileReference; lastKnownFileType = sourcecode.swift; path = Node.swift; sourceTree = "<group>"; };
		5334249228C4A31000634F1D /* Connection.swift */ = {isa = PBXFileReference; lastKnownFileType = sourcecode.swift; path = Connection.swift; sourceTree = "<group>"; };
		5334249428C4A7D100634F1D /* Genome.swift */ = {isa = PBXFileReference; lastKnownFileType = sourcecode.swift; path = Genome.swift; sourceTree = "<group>"; };
		5334249628C4ABFB00634F1D /* NeatGenomeMixer.swift */ = {isa = PBXFileReference; lastKnownFileType = sourcecode.swift; path = NeatGenomeMixer.swift; sourceTree = "<group>"; };
		5334249828C4B0BA00634F1D /* IdProvider.swift */ = {isa = PBXFileReference; lastKnownFileType = sourcecode.swift; path = IdProvider.swift; sourceTree = "<group>"; };
		5334249A28C4B27800634F1D /* SequentialIdProviderTests.swift */ = {isa = PBXFileReference; lastKnownFileType = sourcecode.swift; path = SequentialIdProviderTests.swift; sourceTree = "<group>"; };
		5334249C28C4B41100634F1D /* NeatTests.swift */ = {isa = PBXFileReference; lastKnownFileType = sourcecode.swift; path = NeatTests.swift; sourceTree = "<group>"; };
		533424A028C4E9A300634F1D /* GenomeMixer.swift */ = {isa = PBXFileReference; lastKnownFileType = sourcecode.swift; path = GenomeMixer.swift; sourceTree = "<group>"; };
		533424A228C4E9CA00634F1D /* ParentPreferenceProvider.swift */ = {isa = PBXFileReference; lastKnownFileType = sourcecode.swift; path = ParentPreferenceProvider.swift; sourceTree = "<group>"; };
		53EE3AD328C3618200391F7E /* ArtificialLife.app */ = {isa = PBXFileReference; explicitFileType = wrapper.application; includeInIndex = 0; path = ArtificialLife.app; sourceTree = BUILT_PRODUCTS_DIR; };
		53EE3AD628C3618200391F7E /* ArtificialLifeApp.swift */ = {isa = PBXFileReference; lastKnownFileType = sourcecode.swift; path = ArtificialLifeApp.swift; sourceTree = "<group>"; };
		53EE3AD828C3618200391F7E /* ContentView.swift */ = {isa = PBXFileReference; lastKnownFileType = sourcecode.swift; path = ContentView.swift; sourceTree = "<group>"; };
		53EE3ADA28C3618200391F7E /* Assets.xcassets */ = {isa = PBXFileReference; lastKnownFileType = folder.assetcatalog; path = Assets.xcassets; sourceTree = "<group>"; };
		53EE3ADC28C3618200391F7E /* ArtificialLife.entitlements */ = {isa = PBXFileReference; lastKnownFileType = text.plist.entitlements; path = ArtificialLife.entitlements; sourceTree = "<group>"; };
		53EE3ADE28C3618200391F7E /* Preview Assets.xcassets */ = {isa = PBXFileReference; lastKnownFileType = folder.assetcatalog; path = "Preview Assets.xcassets"; sourceTree = "<group>"; };
		53EE3AE428C3618300391F7E /* ArtificialLifeTests.xctest */ = {isa = PBXFileReference; explicitFileType = wrapper.cfbundle; includeInIndex = 0; path = ArtificialLifeTests.xctest; sourceTree = BUILT_PRODUCTS_DIR; };
/* End PBXFileReference section */

/* Begin PBXFrameworksBuildPhase section */
		53EE3AD028C3618200391F7E /* Frameworks */ = {
			isa = PBXFrameworksBuildPhase;
			buildActionMask = 2147483647;
			files = (
			);
			runOnlyForDeploymentPostprocessing = 0;
		};
		53EE3AE128C3618300391F7E /* Frameworks */ = {
			isa = PBXFrameworksBuildPhase;
			buildActionMask = 2147483647;
			files = (
			);
			runOnlyForDeploymentPostprocessing = 0;
		};
/* End PBXFrameworksBuildPhase section */

/* Begin PBXGroup section */
		5334248F28C4A2CD00634F1D /* Models */ = {
			isa = PBXGroup;
			children = (
				5334249E28C4BFA600634F1D /* Genome models */,
				5334249F28C4E97300634F1D /* Genome mixing */,
				5334249828C4B0BA00634F1D /* IdProvider.swift */,
			);
			path = Models;
			sourceTree = "<group>";
		};
		5334249E28C4BFA600634F1D /* Genome models */ = {
			isa = PBXGroup;
			children = (
				5334249028C4A2E900634F1D /* Node.swift */,
				5334249228C4A31000634F1D /* Connection.swift */,
				5334249428C4A7D100634F1D /* Genome.swift */,
			);
			path = "Genome models";
			sourceTree = "<group>";
		};
		5334249F28C4E97300634F1D /* Genome mixing */ = {
			isa = PBXGroup;
			children = (
				5334249628C4ABFB00634F1D /* NeatGenomeMixer.swift */,
				533424A028C4E9A300634F1D /* GenomeMixer.swift */,
				533424A228C4E9CA00634F1D /* ParentPreferenceProvider.swift */,
			);
			path = "Genome mixing";
			sourceTree = "<group>";
		};
		53EE3ACA28C3618200391F7E = {
			isa = PBXGroup;
			children = (
				53EE3AD528C3618200391F7E /* ArtificialLife */,
				53EE3AE728C3618300391F7E /* ArtificialLifeTests */,
				53EE3AD428C3618200391F7E /* Products */,
			);
			sourceTree = "<group>";
		};
		53EE3AD428C3618200391F7E /* Products */ = {
			isa = PBXGroup;
			children = (
				53EE3AD328C3618200391F7E /* ArtificialLife.app */,
				53EE3AE428C3618300391F7E /* ArtificialLifeTests.xctest */,
			);
			name = Products;
			sourceTree = "<group>";
		};
		53EE3AD528C3618200391F7E /* ArtificialLife */ = {
			isa = PBXGroup;
			children = (
				5334248F28C4A2CD00634F1D /* Models */,
				53EE3AD628C3618200391F7E /* ArtificialLifeApp.swift */,
				53EE3AD828C3618200391F7E /* ContentView.swift */,
				53EE3ADA28C3618200391F7E /* Assets.xcassets */,
				53EE3ADC28C3618200391F7E /* ArtificialLife.entitlements */,
				53EE3ADD28C3618200391F7E /* Preview Content */,
			);
			path = ArtificialLife;
			sourceTree = "<group>";
		};
		53EE3ADD28C3618200391F7E /* Preview Content */ = {
			isa = PBXGroup;
			children = (
				53EE3ADE28C3618200391F7E /* Preview Assets.xcassets */,
			);
			path = "Preview Content";
			sourceTree = "<group>";
		};
		53EE3AE728C3618300391F7E /* ArtificialLifeTests */ = {
			isa = PBXGroup;
			children = (
				5334249A28C4B27800634F1D /* SequentialIdProviderTests.swift */,
				5334249C28C4B41100634F1D /* NeatTests.swift */,
			);
			path = ArtificialLifeTests;
			sourceTree = "<group>";
		};
/* End PBXGroup section */

/* Begin PBXNativeTarget section */
		53EE3AD228C3618200391F7E /* ArtificialLife */ = {
			isa = PBXNativeTarget;
			buildConfigurationList = 53EE3AF828C3618300391F7E /* Build configuration list for PBXNativeTarget "ArtificialLife" */;
			buildPhases = (
				53EE3ACF28C3618200391F7E /* Sources */,
				53EE3AD028C3618200391F7E /* Frameworks */,
				53EE3AD128C3618200391F7E /* Resources */,
			);
			buildRules = (
			);
			dependencies = (
			);
			name = ArtificialLife;
			productName = ArtificialLife;
			productReference = 53EE3AD328C3618200391F7E /* ArtificialLife.app */;
			productType = "com.apple.product-type.application";
		};
		53EE3AE328C3618300391F7E /* ArtificialLifeTests */ = {
			isa = PBXNativeTarget;
			buildConfigurationList = 53EE3AFB28C3618300391F7E /* Build configuration list for PBXNativeTarget "ArtificialLifeTests" */;
			buildPhases = (
				53EE3AE028C3618300391F7E /* Sources */,
				53EE3AE128C3618300391F7E /* Frameworks */,
				53EE3AE228C3618300391F7E /* Resources */,
			);
			buildRules = (
			);
			dependencies = (
				53EE3AE628C3618300391F7E /* PBXTargetDependency */,
			);
			name = ArtificialLifeTests;
			productName = ArtificialLifeTests;
			productReference = 53EE3AE428C3618300391F7E /* ArtificialLifeTests.xctest */;
			productType = "com.apple.product-type.bundle.unit-test";
		};
/* End PBXNativeTarget section */

/* Begin PBXProject section */
		53EE3ACB28C3618200391F7E /* Project object */ = {
			isa = PBXProject;
			attributes = {
				BuildIndependentTargetsInParallel = 1;
				LastSwiftUpdateCheck = 1400;
				LastUpgradeCheck = 1400;
				TargetAttributes = {
					53EE3AD228C3618200391F7E = {
						CreatedOnToolsVersion = 14.0;
					};
					53EE3AE328C3618300391F7E = {
						CreatedOnToolsVersion = 14.0;
						TestTargetID = 53EE3AD228C3618200391F7E;
					};
				};
			};
			buildConfigurationList = 53EE3ACE28C3618200391F7E /* Build configuration list for PBXProject "ArtificialLife" */;
			compatibilityVersion = "Xcode 14.0";
			developmentRegion = en;
			hasScannedForEncodings = 0;
			knownRegions = (
				en,
				Base,
			);
			mainGroup = 53EE3ACA28C3618200391F7E;
			productRefGroup = 53EE3AD428C3618200391F7E /* Products */;
			projectDirPath = "";
			projectRoot = "";
			targets = (
				53EE3AD228C3618200391F7E /* ArtificialLife */,
				53EE3AE328C3618300391F7E /* ArtificialLifeTests */,
			);
		};
/* End PBXProject section */

/* Begin PBXResourcesBuildPhase section */
		53EE3AD128C3618200391F7E /* Resources */ = {
			isa = PBXResourcesBuildPhase;
			buildActionMask = 2147483647;
			files = (
				53EE3ADF28C3618200391F7E /* Preview Assets.xcassets in Resources */,
				53EE3ADB28C3618200391F7E /* Assets.xcassets in Resources */,
			);
			runOnlyForDeploymentPostprocessing = 0;
		};
		53EE3AE228C3618300391F7E /* Resources */ = {
			isa = PBXResourcesBuildPhase;
			buildActionMask = 2147483647;
			files = (
			);
			runOnlyForDeploymentPostprocessing = 0;
		};
/* End PBXResourcesBuildPhase section */

/* Begin PBXSourcesBuildPhase section */
		53EE3ACF28C3618200391F7E /* Sources */ = {
			isa = PBXSourcesBuildPhase;
			buildActionMask = 2147483647;
			files = (
				5334249128C4A2E900634F1D /* Node.swift in Sources */,
				5334249728C4ABFB00634F1D /* NeatGenomeMixer.swift in Sources */,
				53EE3AD928C3618200391F7E /* ContentView.swift in Sources */,
				5334249528C4A7D100634F1D /* Genome.swift in Sources */,
				533424A128C4E9A300634F1D /* GenomeMixer.swift in Sources */,
				53EE3AD728C3618200391F7E /* ArtificialLifeApp.swift in Sources */,
				533424A328C4E9CA00634F1D /* ParentPreferenceProvider.swift in Sources */,
				5334249328C4A31000634F1D /* Connection.swift in Sources */,
				5334249928C4B0BA00634F1D /* IdProvider.swift in Sources */,
			);
			runOnlyForDeploymentPostprocessing = 0;
		};
		53EE3AE028C3618300391F7E /* Sources */ = {
			isa = PBXSourcesBuildPhase;
			buildActionMask = 2147483647;
			files = (
				5334249B28C4B27800634F1D /* SequentialIdProviderTests.swift in Sources */,
				5334249D28C4B41100634F1D /* NeatTests.swift in Sources */,
			);
			runOnlyForDeploymentPostprocessing = 0;
		};
/* End PBXSourcesBuildPhase section */

/* Begin PBXTargetDependency section */
		53EE3AE628C3618300391F7E /* PBXTargetDependency */ = {
			isa = PBXTargetDependency;
			target = 53EE3AD228C3618200391F7E /* ArtificialLife */;
			targetProxy = 53EE3AE528C3618300391F7E /* PBXContainerItemProxy */;
		};
/* End PBXTargetDependency section */

/* Begin XCBuildConfiguration section */
		53EE3AF628C3618300391F7E /* Debug */ = {
			isa = XCBuildConfiguration;
			buildSettings = {
				ALWAYS_SEARCH_USER_PATHS = NO;
				CLANG_ANALYZER_NONNULL = YES;
				CLANG_ANALYZER_NUMBER_OBJECT_CONVERSION = YES_AGGRESSIVE;
				CLANG_CXX_LANGUAGE_STANDARD = "gnu++20";
				CLANG_ENABLE_MODULES = YES;
				CLANG_ENABLE_OBJC_ARC = YES;
				CLANG_ENABLE_OBJC_WEAK = YES;
				CLANG_WARN_BLOCK_CAPTURE_AUTORELEASING = YES;
				CLANG_WARN_BOOL_CONVERSION = YES;
				CLANG_WARN_COMMA = YES;
				CLANG_WARN_CONSTANT_CONVERSION = YES;
				CLANG_WARN_DEPRECATED_OBJC_IMPLEMENTATIONS = YES;
				CLANG_WARN_DIRECT_OBJC_ISA_USAGE = YES_ERROR;
				CLANG_WARN_DOCUMENTATION_COMMENTS = YES;
				CLANG_WARN_EMPTY_BODY = YES;
				CLANG_WARN_ENUM_CONVERSION = YES;
				CLANG_WARN_INFINITE_RECURSION = YES;
				CLANG_WARN_INT_CONVERSION = YES;
				CLANG_WARN_NON_LITERAL_NULL_CONVERSION = YES;
				CLANG_WARN_OBJC_IMPLICIT_RETAIN_SELF = YES;
				CLANG_WARN_OBJC_LITERAL_CONVERSION = YES;
				CLANG_WARN_OBJC_ROOT_CLASS = YES_ERROR;
				CLANG_WARN_QUOTED_INCLUDE_IN_FRAMEWORK_HEADER = YES;
				CLANG_WARN_RANGE_LOOP_ANALYSIS = YES;
				CLANG_WARN_STRICT_PROTOTYPES = YES;
				CLANG_WARN_SUSPICIOUS_MOVE = YES;
				CLANG_WARN_UNGUARDED_AVAILABILITY = YES_AGGRESSIVE;
				CLANG_WARN_UNREACHABLE_CODE = YES;
				CLANG_WARN__DUPLICATE_METHOD_MATCH = YES;
				COPY_PHASE_STRIP = NO;
				DEBUG_INFORMATION_FORMAT = dwarf;
				ENABLE_STRICT_OBJC_MSGSEND = YES;
				ENABLE_TESTABILITY = YES;
				GCC_C_LANGUAGE_STANDARD = gnu11;
				GCC_DYNAMIC_NO_PIC = NO;
				GCC_NO_COMMON_BLOCKS = YES;
				GCC_OPTIMIZATION_LEVEL = 0;
				GCC_PREPROCESSOR_DEFINITIONS = (
					"DEBUG=1",
					"$(inherited)",
				);
				GCC_WARN_64_TO_32_BIT_CONVERSION = YES;
				GCC_WARN_ABOUT_RETURN_TYPE = YES_ERROR;
				GCC_WARN_UNDECLARED_SELECTOR = YES;
				GCC_WARN_UNINITIALIZED_AUTOS = YES_AGGRESSIVE;
				GCC_WARN_UNUSED_FUNCTION = YES;
				GCC_WARN_UNUSED_VARIABLE = YES;
				MTL_ENABLE_DEBUG_INFO = INCLUDE_SOURCE;
				MTL_FAST_MATH = YES;
				ONLY_ACTIVE_ARCH = YES;
				SWIFT_ACTIVE_COMPILATION_CONDITIONS = DEBUG;
				SWIFT_OPTIMIZATION_LEVEL = "-Onone";
			};
			name = Debug;
		};
		53EE3AF728C3618300391F7E /* Release */ = {
			isa = XCBuildConfiguration;
			buildSettings = {
				ALWAYS_SEARCH_USER_PATHS = NO;
				CLANG_ANALYZER_NONNULL = YES;
				CLANG_ANALYZER_NUMBER_OBJECT_CONVERSION = YES_AGGRESSIVE;
				CLANG_CXX_LANGUAGE_STANDARD = "gnu++20";
				CLANG_ENABLE_MODULES = YES;
				CLANG_ENABLE_OBJC_ARC = YES;
				CLANG_ENABLE_OBJC_WEAK = YES;
				CLANG_WARN_BLOCK_CAPTURE_AUTORELEASING = YES;
				CLANG_WARN_BOOL_CONVERSION = YES;
				CLANG_WARN_COMMA = YES;
				CLANG_WARN_CONSTANT_CONVERSION = YES;
				CLANG_WARN_DEPRECATED_OBJC_IMPLEMENTATIONS = YES;
				CLANG_WARN_DIRECT_OBJC_ISA_USAGE = YES_ERROR;
				CLANG_WARN_DOCUMENTATION_COMMENTS = YES;
				CLANG_WARN_EMPTY_BODY = YES;
				CLANG_WARN_ENUM_CONVERSION = YES;
				CLANG_WARN_INFINITE_RECURSION = YES;
				CLANG_WARN_INT_CONVERSION = YES;
				CLANG_WARN_NON_LITERAL_NULL_CONVERSION = YES;
				CLANG_WARN_OBJC_IMPLICIT_RETAIN_SELF = YES;
				CLANG_WARN_OBJC_LITERAL_CONVERSION = YES;
				CLANG_WARN_OBJC_ROOT_CLASS = YES_ERROR;
				CLANG_WARN_QUOTED_INCLUDE_IN_FRAMEWORK_HEADER = YES;
				CLANG_WARN_RANGE_LOOP_ANALYSIS = YES;
				CLANG_WARN_STRICT_PROTOTYPES = YES;
				CLANG_WARN_SUSPICIOUS_MOVE = YES;
				CLANG_WARN_UNGUARDED_AVAILABILITY = YES_AGGRESSIVE;
				CLANG_WARN_UNREACHABLE_CODE = YES;
				CLANG_WARN__DUPLICATE_METHOD_MATCH = YES;
				COPY_PHASE_STRIP = NO;
				DEBUG_INFORMATION_FORMAT = "dwarf-with-dsym";
				ENABLE_NS_ASSERTIONS = NO;
				ENABLE_STRICT_OBJC_MSGSEND = YES;
				GCC_C_LANGUAGE_STANDARD = gnu11;
				GCC_NO_COMMON_BLOCKS = YES;
				GCC_WARN_64_TO_32_BIT_CONVERSION = YES;
				GCC_WARN_ABOUT_RETURN_TYPE = YES_ERROR;
				GCC_WARN_UNDECLARED_SELECTOR = YES;
				GCC_WARN_UNINITIALIZED_AUTOS = YES_AGGRESSIVE;
				GCC_WARN_UNUSED_FUNCTION = YES;
				GCC_WARN_UNUSED_VARIABLE = YES;
				MTL_ENABLE_DEBUG_INFO = NO;
				MTL_FAST_MATH = YES;
				SWIFT_COMPILATION_MODE = wholemodule;
				SWIFT_OPTIMIZATION_LEVEL = "-O";
			};
			name = Release;
		};
		53EE3AF928C3618300391F7E /* Debug */ = {
			isa = XCBuildConfiguration;
			buildSettings = {
				ASSETCATALOG_COMPILER_APPICON_NAME = AppIcon;
				ASSETCATALOG_COMPILER_GLOBAL_ACCENT_COLOR_NAME = AccentColor;
				CODE_SIGN_ENTITLEMENTS = ArtificialLife/ArtificialLife.entitlements;
				CODE_SIGN_STYLE = Automatic;
				CURRENT_PROJECT_VERSION = 1;
				DEVELOPMENT_ASSET_PATHS = "\"ArtificialLife/Preview Content\"";
				DEVELOPMENT_TEAM = N5J83UZAWG;
				ENABLE_HARDENED_RUNTIME = YES;
				ENABLE_PREVIEWS = YES;
				GENERATE_INFOPLIST_FILE = YES;
				INFOPLIST_KEY_LSApplicationCategoryType = "public.app-category.education";
				"INFOPLIST_KEY_UIApplicationSceneManifest_Generation[sdk=iphoneos*]" = YES;
				"INFOPLIST_KEY_UIApplicationSceneManifest_Generation[sdk=iphonesimulator*]" = YES;
				"INFOPLIST_KEY_UIApplicationSupportsIndirectInputEvents[sdk=iphoneos*]" = YES;
				"INFOPLIST_KEY_UIApplicationSupportsIndirectInputEvents[sdk=iphonesimulator*]" = YES;
				"INFOPLIST_KEY_UILaunchScreen_Generation[sdk=iphoneos*]" = YES;
				"INFOPLIST_KEY_UILaunchScreen_Generation[sdk=iphonesimulator*]" = YES;
				"INFOPLIST_KEY_UIStatusBarStyle[sdk=iphoneos*]" = UIStatusBarStyleDefault;
				"INFOPLIST_KEY_UIStatusBarStyle[sdk=iphonesimulator*]" = UIStatusBarStyleDefault;
				INFOPLIST_KEY_UISupportedInterfaceOrientations_iPad = "UIInterfaceOrientationPortrait UIInterfaceOrientationPortraitUpsideDown UIInterfaceOrientationLandscapeLeft UIInterfaceOrientationLandscapeRight";
				INFOPLIST_KEY_UISupportedInterfaceOrientations_iPhone = "UIInterfaceOrientationPortrait UIInterfaceOrientationLandscapeLeft UIInterfaceOrientationLandscapeRight";
				IPHONEOS_DEPLOYMENT_TARGET = 16.0;
				LD_RUNPATH_SEARCH_PATHS = "@executable_path/Frameworks";
				"LD_RUNPATH_SEARCH_PATHS[sdk=macosx*]" = "@executable_path/../Frameworks";
				MACOSX_DEPLOYMENT_TARGET = 13.0;
				MARKETING_VERSION = 1.0;
				PRODUCT_BUNDLE_IDENTIFIER = com.keith.staines.ArtificialLife;
				PRODUCT_NAME = "$(TARGET_NAME)";
				SDKROOT = auto;
				SUPPORTED_PLATFORMS = "iphoneos iphonesimulator macosx";
				SWIFT_EMIT_LOC_STRINGS = YES;
				SWIFT_VERSION = 5.0;
				TARGETED_DEVICE_FAMILY = "1,2";
			};
			name = Debug;
		};
		53EE3AFA28C3618300391F7E /* Release */ = {
			isa = XCBuildConfiguration;
			buildSettings = {
				ASSETCATALOG_COMPILER_APPICON_NAME = AppIcon;
				ASSETCATALOG_COMPILER_GLOBAL_ACCENT_COLOR_NAME = AccentColor;
				CODE_SIGN_ENTITLEMENTS = ArtificialLife/ArtificialLife.entitlements;
				CODE_SIGN_STYLE = Automatic;
				CURRENT_PROJECT_VERSION = 1;
				DEVELOPMENT_ASSET_PATHS = "\"ArtificialLife/Preview Content\"";
				DEVELOPMENT_TEAM = N5J83UZAWG;
				ENABLE_HARDENED_RUNTIME = YES;
				ENABLE_PREVIEWS = YES;
				GENERATE_INFOPLIST_FILE = YES;
				INFOPLIST_KEY_LSApplicationCategoryType = "public.app-category.education";
				"INFOPLIST_KEY_UIApplicationSceneManifest_Generation[sdk=iphoneos*]" = YES;
				"INFOPLIST_KEY_UIApplicationSceneManifest_Generation[sdk=iphonesimulator*]" = YES;
				"INFOPLIST_KEY_UIApplicationSupportsIndirectInputEvents[sdk=iphoneos*]" = YES;
				"INFOPLIST_KEY_UIApplicationSupportsIndirectInputEvents[sdk=iphonesimulator*]" = YES;
				"INFOPLIST_KEY_UILaunchScreen_Generation[sdk=iphoneos*]" = YES;
				"INFOPLIST_KEY_UILaunchScreen_Generation[sdk=iphonesimulator*]" = YES;
				"INFOPLIST_KEY_UIStatusBarStyle[sdk=iphoneos*]" = UIStatusBarStyleDefault;
				"INFOPLIST_KEY_UIStatusBarStyle[sdk=iphonesimulator*]" = UIStatusBarStyleDefault;
				INFOPLIST_KEY_UISupportedInterfaceOrientations_iPad = "UIInterfaceOrientationPortrait UIInterfaceOrientationPortraitUpsideDown UIInterfaceOrientationLandscapeLeft UIInterfaceOrientationLandscapeRight";
				INFOPLIST_KEY_UISupportedInterfaceOrientations_iPhone = "UIInterfaceOrientationPortrait UIInterfaceOrientationLandscapeLeft UIInterfaceOrientationLandscapeRight";
				IPHONEOS_DEPLOYMENT_TARGET = 16.0;
				LD_RUNPATH_SEARCH_PATHS = "@executable_path/Frameworks";
				"LD_RUNPATH_SEARCH_PATHS[sdk=macosx*]" = "@executable_path/../Frameworks";
				MACOSX_DEPLOYMENT_TARGET = 13.0;
				MARKETING_VERSION = 1.0;
				PRODUCT_BUNDLE_IDENTIFIER = com.keith.staines.ArtificialLife;
				PRODUCT_NAME = "$(TARGET_NAME)";
				SDKROOT = auto;
				SUPPORTED_PLATFORMS = "iphoneos iphonesimulator macosx";
				SWIFT_EMIT_LOC_STRINGS = YES;
				SWIFT_VERSION = 5.0;
				TARGETED_DEVICE_FAMILY = "1,2";
			};
			name = Release;
		};
		53EE3AFC28C3618300391F7E /* Debug */ = {
			isa = XCBuildConfiguration;
			buildSettings = {
				ALWAYS_EMBED_SWIFT_STANDARD_LIBRARIES = YES;
				BUNDLE_LOADER = "$(TEST_HOST)";
				CODE_SIGN_STYLE = Automatic;
				CURRENT_PROJECT_VERSION = 1;
				DEVELOPMENT_TEAM = N5J83UZAWG;
				GENERATE_INFOPLIST_FILE = YES;
				IPHONEOS_DEPLOYMENT_TARGET = 16.0;
				MACOSX_DEPLOYMENT_TARGET = 13.0;
				MARKETING_VERSION = 1.0;
				PRODUCT_BUNDLE_IDENTIFIER = com.keith.staines.ArtificialLifeTests;
				PRODUCT_NAME = "$(TARGET_NAME)";
				SDKROOT = auto;
				SUPPORTED_PLATFORMS = "iphoneos iphonesimulator macosx";
				SWIFT_EMIT_LOC_STRINGS = NO;
				SWIFT_VERSION = 5.0;
				TARGETED_DEVICE_FAMILY = "1,2";
				TEST_HOST = "$(BUILT_PRODUCTS_DIR)/ArtificialLife.app/$(BUNDLE_EXECUTABLE_FOLDER_PATH)/ArtificialLife";
			};
			name = Debug;
		};
		53EE3AFD28C3618300391F7E /* Release */ = {
			isa = XCBuildConfiguration;
			buildSettings = {
				ALWAYS_EMBED_SWIFT_STANDARD_LIBRARIES = YES;
				BUNDLE_LOADER = "$(TEST_HOST)";
				CODE_SIGN_STYLE = Automatic;
				CURRENT_PROJECT_VERSION = 1;
				DEVELOPMENT_TEAM = N5J83UZAWG;
				GENERATE_INFOPLIST_FILE = YES;
				IPHONEOS_DEPLOYMENT_TARGET = 16.0;
				MACOSX_DEPLOYMENT_TARGET = 13.0;
				MARKETING_VERSION = 1.0;
				PRODUCT_BUNDLE_IDENTIFIER = com.keith.staines.ArtificialLifeTests;
				PRODUCT_NAME = "$(TARGET_NAME)";
				SDKROOT = auto;
				SUPPORTED_PLATFORMS = "iphoneos iphonesimulator macosx";
				SWIFT_EMIT_LOC_STRINGS = NO;
				SWIFT_VERSION = 5.0;
				TARGETED_DEVICE_FAMILY = "1,2";
				TEST_HOST = "$(BUILT_PRODUCTS_DIR)/ArtificialLife.app/$(BUNDLE_EXECUTABLE_FOLDER_PATH)/ArtificialLife";
			};
			name = Release;
		};
/* End XCBuildConfiguration section */

/* Begin XCConfigurationList section */
		53EE3ACE28C3618200391F7E /* Build configuration list for PBXProject "ArtificialLife" */ = {
			isa = XCConfigurationList;
			buildConfigurations = (
				53EE3AF628C3618300391F7E /* Debug */,
				53EE3AF728C3618300391F7E /* Release */,
			);
			defaultConfigurationIsVisible = 0;
			defaultConfigurationName = Release;
		};
		53EE3AF828C3618300391F7E /* Build configuration list for PBXNativeTarget "ArtificialLife" */ = {
			isa = XCConfigurationList;
			buildConfigurations = (
				53EE3AF928C3618300391F7E /* Debug */,
				53EE3AFA28C3618300391F7E /* Release */,
			);
			defaultConfigurationIsVisible = 0;
			defaultConfigurationName = Release;
		};
		53EE3AFB28C3618300391F7E /* Build configuration list for PBXNativeTarget "ArtificialLifeTests" */ = {
			isa = XCConfigurationList;
			buildConfigurations = (
				53EE3AFC28C3618300391F7E /* Debug */,
				53EE3AFD28C3618300391F7E /* Release */,
			);
			defaultConfigurationIsVisible = 0;
			defaultConfigurationName = Release;
		};
/* End XCConfigurationList section */
	};
	rootObject = 53EE3ACB28C3618200391F7E /* Project object */;
}
